
Microsoft Visual Studio Solution File, Format Version 12.00
# Visual Studio 15
VisualStudioVersion = 15.0.27004.2006
MinimumVisualStudioVersion = 10.0.40219.1
Project("{9A19103F-16F7-4668-BE54-9A1E7A4F7556}") = "HGV.Basilius", "src\HGV.Basilius.csproj", "{20EA5448-F2D7-4392-80E0-BA7574AF7421}"
EndProject
Global
	GlobalSection(SolutionConfigurationPlatforms) = preSolution
		Debug|Any CPU = Debug|Any CPU
		Release|Any CPU = Release|Any CPU
	EndGlobalSection
	GlobalSection(ProjectConfigurationPlatforms) = postSolution
		{20EA5448-F2D7-4392-80E0-BA7574AF7421}.Debug|Any CPU.ActiveCfg = Debug|Any CPU
		{20EA5448-F2D7-4392-80E0-BA7574AF7421}.Debug|Any CPU.Build.0 = Debug|Any CPU
		{20EA5448-F2D7-4392-80E0-BA7574AF7421}.Release|Any CPU.ActiveCfg = Release|Any CPU
		{20EA5448-F2D7-4392-80E0-BA7574AF7421}.Release|Any CPU.Build.0 = Release|Any CPU
	EndGlobalSection
	GlobalSection(SolutionProperties) = preSolution
		HideSolutionNode = FALSE
	EndGlobalSection
	GlobalSection(ExtensibilityGlobals) = postSolution
		SolutionGuid = {8A239D36-DB9C-4B65-99B8-540B16E4623E}
	EndGlobalSection
	GlobalSection(CodealikeProperties) = postSolution
		SolutionGuid = cd99a10a-39fa-48fb-a606-c01a86e67135
	EndGlobalSection
EndGlobal
